version: 1
checksums:
  29ba5363b2b0f1cc53dd4a667d52f86e:
    md-section-0: 791850899afa0546619d4637883145be
    md-section-1: c4287bc722390606c10cba62f43d75c9
    md-section-2: 95977b8bb35f10cabea439b540357a98
    md-section-3: 489339469f4ae7d73087c6a82bfbe5d5
    md-section-4: 14da5a500294f194f0387340e6f816dd
    md-section-5: d63dd71fe00a42b6a7e94f1897a907c7
    md-section-6: 0b60dfd03a776bed0043b6a7c33bdf5f
    md-section-7: dcd5bc676b9b4956e66fe1045f86a5a0
    md-section-8: 58af0494ae2851c7c71ed15c7eea54bd
    md-section-9: c782a8e1915947f9f73c03e3123b88e2
    md-section-10: f8c2f53155acc08b4ced42864d396221
    md-section-11: 093f5de1fdd84085783037b5018368fb
