version: 1
checksums:
  29ba5363b2b0f1cc53dd4a667d52f86e:
    content/0: 0db2357590d48f9f837b00de7ea8c84e
    content/1: 943af0ef0cef126747c0176eca86ea1d
    content/2: 2acf1e217477dafe17423bcbdd123711
    content/3: 3bdbf4acdb4cc6f07987d724f9453557
    content/4: 418b75b60fb19c083a98e3b968a2fc00
    content/5: 51adf33450cab2ef392e93147386647c
    content/6: e8f224099ddfc434b281b592575f8606
    content/7: 463b13b8d939ec534c0b9d3245deeb96
    content/8: 70f2f7ddd118c9d1538ca20425bab66c
    content/9: 5ed47675e7c56808a363b391240560c4
    content/10: 62b348d1f3180c72c44670dca35904fa
    content/11: 51adf33450cab2ef392e93147386647c
    content/12: 60bb4098369f54ba8a72bac60076b218
    content/13: 90b1210596ab126053e172530986aebf
    content/14: 2ddb213e261e9002051c06858bee809b
    content/15: 51adf33450cab2ef392e93147386647c
    content/16: 48669d7fc8bb5f765e87ffd5386d61a1
    content/17: 21041825a02a64079cd88fb8ca132fe0
    content/18: cb03ba4dd1eff40b5bc02eae51a8b3d9
    content/19: 68a3343deee29d5198c6b13c7a42d3da
    content/20: 0ce7fb9885bbfe35b902a8d497040fb1
    content/21: 51adf33450cab2ef392e93147386647c
    content/22: 0395d8b4658fbae7c47c28f560fe5ec5
    content/23: 3362f6e2c4992a99a372cf1bb5c97dfe
    content/24: c9ac6c4175c8c546fe96dcb2ee7bc79c
    content/25: 5770157db19da195d00b4155abda32c2
    content/26: 07361c5ebf2a4301e9aa944727ceee49
    content/27: 51adf33450cab2ef392e93147386647c
    content/28: e7b9bbce52747d42f1f937afa30dd8f2
    content/29: 3e790a0a44a7eba77ab4c3d3d1f4097f
    content/30: e2631338ba9f044b85e6dd0836b2f3ff
    content/31: 570ef7c205f6cb50d90fd69efa0b90ee
    content/32: 19c4c0ed72392d7d53fd1d0a75f7fcf1
    content/33: 51adf33450cab2ef392e93147386647c
    content/34: d63dd71fe00a42b6a7e94f1897a907c7
    content/35: eb9e72b970c23be10290eecb06101724
    content/36: 97a4f55ecfa2cf1560c92001c13bfb08
    content/37: 50807ce1a32e29e02d3fe982cf18b1fd
    content/38: a534d2c7ba6ee7e6fd3286939b3bdb82
    content/39: c7315dc914f85a8e7be1553e0458fdda
    content/40: a15715eea8694ee737338c021ea79787
    content/41: 3194966101f0d8ea12b02a4dcaa34d0e
    content/42: f8c2f53155acc08b4ced42864d396221
    content/43: a063d00b634e73f66a2fb51ae58970f7
    content/44: e65c5e6c651482c696c3e8d21618eb24
