version: 1
checksums:
  29ba5363b2b0f1cc53dd4a667d52f86e:
    content/0: e74c160278f7b88112024b1d24974ffc
    content/1: 96495d0a3df9a8f36e37cebc5fe684a6
    content/2: a411db8f9d5f0219a8591724a0c5463b
    content/3: 2acf1e217477dafe17423bcbdd123711
    content/4: 5a97f98ca84ca46331297e41f4fff301
    content/5: 418b75b60fb19c083a98e3b968a2fc00
    content/6: 2acf1e217477dafe17423bcbdd123711
    content/7: 57d6687e76fa79d7592a4da74110bb82
    content/8: f553915cea57081f1bb093312525df43
    content/9: 05483ccf8ccf36fae1a51353f991e183
    content/10: 2af5bcfa1c211a6b9d581881f72c5c2c
    content/11: c4287bc722390606c10cba62f43d75c9
    content/12: 95977b8bb35f10cabea439b540357a98
    content/13: c7315dc914f85a8e7be1553e0458fdda
    content/14: b225c418d9d83879c0d29e9552d51829
    content/15: 304312b5f81572078757bcf9948884b6
    content/16: 4d9c621238d5ada6da2396c2634e8bf3
    content/17: 2c507afcab9ad11b7e213bd671f98f4b
    content/18: 272fd8f8979f36af5bda89c381243b58
    content/19: d63dd71fe00a42b6a7e94f1897a907c7
    content/20: 0d7d834e1a96a4a8063fc0090e624b94
    content/21: 0e7d239e68dad3e8a3c35ef8f8f35624
    content/22: 942f9a9b961cab7175e88d1ec8d11352
    content/23: bbcd546791f73284eb83f893e55f1165
    content/24: dcd5bc676b9b4956e66fe1045f86a5a0
    content/25: 58af0494ae2851c7c71ed15c7eea54bd
    content/26: c7315dc914f85a8e7be1553e0458fdda
    content/27: a15715eea8694ee737338c021ea79787
    content/28: 3194966101f0d8ea12b02a4dcaa34d0e
    content/29: f8c2f53155acc08b4ced42864d396221
    content/30: e260f9fbb69834ecc97c65cbe4389e3a
    content/31: ba27034a99bc2a1b9fe6958ca56efed2
