version: 1
checksums:
  424142ee2f7c4f944722042f761b30eb:
    1#00:00:01,000-00:00:03,500: 5a2215cdfd6d9e9162efbdee57b89c27
    2#00:00:04,000-00:00:06,500: ecb7d6cb214b6db6d02e6e98cdfea178
    3#00:00:07,000-00:00:09,500: 3eee55196aea6ac13fb19eae7e7ffaf6
    4#00:00:10,000-00:00:12,500: a6cc802efe3431c7a986ac5d42d62ce1
    5#00:00:13,000-00:00:15,500: f73ef0a42ea51efb4e1e5fd2276ef243
