version: 1
checksums:
  eed9ef23a605b747d38b8916cee1d500:
    md-section-0: d53f61b8c8922fb62d9df5678d9b44a8
    md-section-1: 98aec271471bedce0e12b530c7060827
    md-section-2: 9e5a786192608844493dfbb6e4100886
    md-section-3: 1a5299c38bb20c1b8af0e64e33d7b2b0
    md-section-4: 51adf33450cab2ef392e93147386647c
    md-section-5: e56cc804e3e06b5f5fb2484e88c18adc
    md-section-6: 0ea86a3338305070c865e8fe138da890
    md-section-7: bbabf7f391569a72099001e3d81eb251
    md-section-8: 36cbfd93f42528edce4faac2ac3c2c12
    md-section-9: a1c50054ab23d70be8d453789b214580
    md-section-10: 51adf33450cab2ef392e93147386647c
    md-section-11: cb596c9608828f7b87a0ab8fa37beb07
    fm-attr-title: f3469c4e3d3377c39a705c844930b3a5
    fm-attr-description: 2e988d98001e44997a3f5fa3fb487ca6
    fm-attr-author: ec8c8711fce61265a4fe296ce2ba3b6f
    fm-attr-tags: 313ac6f17ee08e4f4a6a2ca95e5ae024
