version: 1
checksums:
  ab95e8c959a889717f02a05af5c5b1e6:
    head/0/0: 7d39787547365ee4194f29f3f54e5c05
    head/1#content: 49f8864eb0e53903f04532bf33e1e4fa
    head/2#content: c2a1da93efb7e744d100df705e5fcbfd
    head/3#content: d94b318cb327f61f1aea44a6cb1fdcad
    body/0/0: d1c3a9f35e377554a4ccaa467ca26614
    body/1/0: e19afd1952881bdf10063f9478980147
    body/1/1/0: 7cd9256312384858ecba6c29d3c2e550
    body/1/2: ce8b9bb44f031705708a70e068bb73c8
    body/1/3/0: 037d114f19b882f08994712b8d9c1e37
    body/1/4: f05f450fffcb17520c441ab9789f40ce
    body/2/0/0/0: 57d373bcffe2d376cbf9919da30ca30b
    body/3#alt: 68f95fca639f8bf72a4796b6734b02d5
    body/4#alt: cb7d920c3bbcade1c8e0307093f58573
    body/5#placeholder: a05ce3b4578f55e41bd2ad4964f966b4
    body/6#placeholder: a4554ed67c02872e302b0042724f859d
    body/7#title: c903c6985a40ce02d65c90229de35a4e
    body/7/0: e598091d132f890c37a6d4ed94f6d794
    body/8#title: d656021ba5f485fa1a82f8aac6ecc5de
    body/8/0: 1c6856488bd34ad87fcacce2d8e66a0b
    body/9/0: 862964e6cd73cdffdcac622406c6bac9
