version: 1
checksums:
  2bc3a8ed319665fae7eff9afc672f20e:
    sign_in_agreeement_text_1: fe31d6be8f7c461953810306846a88ca
    sign_in_agreeement_text_2: 30bdc34e1f73b20445e5793728608b86
  25add62e9340a686ce2995b840d8a439:
    dashboard.title: c9380ea68c8c76ea451bd9613329a07c
    greeting.message: 981df558575dc8a5f088978cc57a4018
  77624f597c2092ea61483d71313398c3:
    content/0: 542ac27a93aea7b38c98de00efce9dff
    content/1: c9e612bc3fd041dd984ab3e7f2d77e24
    content/2: 90d70cbdec064800b09728d871e1110e
    content/3: 799bacc2d503c917277a9359ae746c4e
    content/4: 9e5a786192608844493dfbb6e4100886
  b3b7f970e3d2e81f9679d0f0de74e5bc:
    simpleMessage: 6ab8c48d251e87acb707e43006d783f2
    messageWithPlaceholder: a4028aa70eaa7049318f039837199173
    pluralMessage: 5d99c6ef240b21489e9de37118d9abe9
    genderMessage: e28d61555c4f2a82e756da7c102fdd30
    nestedMessage: 5e0dca93f6b3f140941c1d47ff115314
    dateMessage: 8f8b3d41f4fb5849db8efce61cc983c9
    currencyMessage: b6a41e9a4ccac26e01621ef82c88c287
    percentMessage: e091023f926a93300645759e90848cf4
    listMessage: 12632bfd4b8c03f13bf7cd41a2c821ed
    complexMessage: b30fe2a8990c467391296864126cb42d
    escapeMessage: 88d90279078fafe7a29fda6f17f99c06
    multilineMessage: a54a797df1eded0bdb2d0e6078e5eb5d
    htmlMessage: a9e1185f9b7d4cbb64151766e881e4a3
  375aef6881d5301adf8d576799de2210:
    md-section-0: fbd0792a448f7a2da57a5d06438bca96
    md-section-1: 9ebb7511694dd3d1fcbbc46f3ea97c09
    md-section-2: b1f47fd5a3de40fc5dc12d4e9b40a9c2
    md-section-3: b4369ef32c2eb07cfd73608f9c7e0a81
    fm-attr-title: 03ddeab99b6170d63191217de2e2c0f3
    fm-attr-file-name: 950367b45201943794aebfbdef8c8b05
    fm-attr-slug: 9532f11ad94e91f96c3f92a18dc63d81
    fm-attr-simple-relative-path: 5bea1a157e040ef84d5d82d4ca4b0d77
    fm-attr-dot-relative-path: 19c7a5a88779d53acf2a175a94a437d4
    fm-attr-absolute-path: 891c4483926b0c7c17d46b81d9669b5b
  57c97bf5698cf9ccf9f1dacc201e543e:
    head/1#content: 002a014e7e8458b3b8ead3398d57ec44
    head/2#content: a06638e99921eb78065ac3a619ac1771
    head/3/0: b9e90bf1a63a5eecff1c04ce6a0ffbd1
    body/0#alt: 82d5c0d5994508210ee02d684819f4b8
    body/1#placeholder: cd95fbdd0533f2c2e8edf9d9bd9aa8df
    body/2/0: c7a7930780dad5d71e767f37ac2326dd
    body/3/0: d628cb097d9044ef378561f64e1f98fb
    body/4/0: bd8287ef5208fab2c7135c96b23bc858
    body/5/0: d5163fc89999a2d44f228083101b8e69
    body/6/0: 2c2e22f8424a1031de89063bd0022e16
    body/7#title: b2c925267351b610426272f239c2b3a8
    body/7/0: 8f89131a66d4659be07cd5af2c7ea898
    body/8/0/0: c95388212de04c55465c62ac964c66a5
    body/8/1/0: dcc3550bcc74d7e7327412e513c8eb34
    body/8/1/1/0: d866e96d27f7542b7cb73e63412bef4e
    body/8/2/0: 833024189888c53b1ac7252b130b3e54
    body/8/2/1/0: 65768b2b44b047d9b2a8973e86d27751
    body/9/0/0: cb17d94bae8411c39654b716b33ff80b
    body/9/2/0/0: 86a93b8a12c5eb504c42299cee68665e
    body/9/2/1/0: 01033784ac6d942fb1c7d61bbe97d473
    body/9/2/2/0: 30489e1eb5d7e0091b90dedf346f936d
    body/9/3/0: 487177489aafc9c0243c57ef3850a2d9
    body/10/0: 2a7a34e28f3f10302250ae86500929b3
    body/11/0: c2913b21f14cb26095005282537fc860
    body/14/0/0: 19020b28e83ad145b1271abf4e06e0b1
    body/14/1/0: fe97144fbeb14993d9ede8955b29be05
    body/14/1/1/0: 7459744a63ef8af4e517a09024bd7c08
  56f7f072bcab520858a247e873141e66:
    greeting: 5a06f8dbe2138bc2d66dd20061d3358a
    welcome_user: 9894020e8bf63cda177c90913974de4a
    items_count.zero: 955c31a42e9ff663a49e69e944c8c537
    items_count.one: 154c8eed472b867c8d5af66d162abd2c
    items_count.two: 8d5f050e1b4c80b1cb2dfd5960330dd6
    items_count.few: e76998d93901ca2dbd145315f0026099
    items_count.many: e76998d93901ca2dbd145315f0026099
    items_count.other: e76998d93901ca2dbd145315f0026099
    days_until_event.zero: c36f40b15661634b9d11a6704489bb2c
    days_until_event.one: b42325bee976924c2ec6a2e318b1edfd
    days_until_event.two: 7f8cb60480d1a0e81b8e0ae0a1d93616
    days_until_event.few: 8860d8b849df0fc9c05a0105686c870a
    days_until_event.many: 8860d8b849df0fc9c05a0105686c870a
    days_until_event.other: 8860d8b849df0fc9c05a0105686c870a
    complex_format: 412e9a53af55fd61a80550c462dfcfcb
    date_format: 53fd72141572ffcdb3ebd8e5e6c4388d
  aeece0e59000b5e246fcd47641fde067:
    title: 18b89a4c985977256f3f4aca14834f58
    description: 4759574560d93c33276f3c57a2d3f003
    field1: f01e599cced8b7d7105329947b5096de
    field2: 591116d7c70944a65821b8ac01f30e6a
    field3/field4: 18b89a4c985977256f3f4aca14834f58
  0d1abbacc6d742097863ba4d910983a2:
    home/title%2Fmain: 35d8cc80baa8d63dbc854b3674acdfe0
    home/description%2Fdev: c9e612bc3fd041dd984ab3e7f2d77e24
    home/i-am-a-developer: d8feacce28faea3fd4228a1ebcb11473
    home/welcome: 7306095503f36fcb4936811a16c47df4
    home/get_started: e7965bdd92d09d2ccf3ac251624227e3
    home/learn_more: f641a9737a376255c31a3ce6e0d1d802
    navigation/home: 104a3db3b671c04e167eafbe21e57881
    navigation/features: 341ff316a339b106a178f0b8d362951b
    navigation/pricing: ce27f1aeacccc542a174c4b2bce022b0
    navigation/about: 944521eeeed2511833d2299931273c71
    navigation/contact: 9afa39bc47019ee6dec6c74b6273967c
    navigation/login: 9fb886eff8d1d67d8bb79f5c3f78edde
    navigation/signup: a6a0b995463f62ce6a12e37f1d05a9bd
    navigation/dashboard: c9380ea68c8c76ea451bd9613329a07c
    features/title: 7c7a85024b86e71e87e79fff6870abc5
    features/subtitle: ca32b522547678f6847ae7439e48e3b5
    features/feature_1/title: e65bd67323b805f267405c08e4fc412d
    features/feature_1/description: 4d6546ae010e58c476f27879b13e2faa
    features/feature_2/title: 6b5898be8657874b5f60ebda418a65f7
    features/feature_2/description: d6b652f2199fd2ebd7e69804a5e24d1b
    features/feature_3/title: 9de5f240b7f51eecda6af80a6bdbb1bf
    features/feature_3/description: 462066b864b5a21874f9c31c110361ed
    features/feature_4/title: e3544a4823498d157686cd0c693809b4
    features/feature_4/description: 10efe7b9052744bfaf5248bb247c79da
    pricing/title: 0929298fba7953f20a93b8213593713b
    pricing/subtitle: 348d1668e2fa45cdd9b042c1fc9c7053
    pricing/monthly: 818f1192e32bb855597f930d3e78806e
    pricing/yearly: 87f43e016c19cb25860f456549a2f431
    pricing/save: af1b6db6602422023a1d3ba63344df3d
    pricing/plans/free/name: 0326365539c004f6088656f692602078
    pricing/plans/free/price: c8038ce413d90cb582293b26924bc735
    pricing/plans/free/description: 7ff94676a6c684308298cb0bfad6d49a
    pricing/plans/free/features/0: f6078bf94554d405ff06c7e0c53cefc9
    pricing/plans/free/features/1: 2dc6cbdda575d6d562e7f3297ede0e0f
    pricing/plans/free/features/2: 204fff311e75b72ed8e62221dce0546c
    pricing/plans/free/features/3: 7d6e8763a664c739e4b1b17dcf6b3d24
    pricing/plans/pro/name: 0059ac0aac3f10a46b28c095e697cbbb
    pricing/plans/pro/price: e74def9bd64d10e9a0a1106926a895ae
    pricing/plans/pro/description: c8b70251766b98913b779b50e92eeb65
    pricing/plans/pro/features/0: 8be6ef15f208d43fb87c62e51af00da5
    pricing/plans/pro/features/1: ec3adcbe735ba24706889efd8752c1b0
    pricing/plans/pro/features/2: 7c20fc1aa298196670f2a91c6bb77957
    pricing/plans/pro/features/3: ba86ddd272252bf41fe76785628abff1
    pricing/plans/enterprise/name: c70474271708e5b27392fde87462fa26
    pricing/plans/enterprise/price: b7b89901f46267f532600a23cfc54ae2
    pricing/plans/enterprise/description: 186523f13794a3b5cb3dc50cf2a3540a
    pricing/plans/enterprise/features/0: 816c99ef6f50b3471d212412715912fd
    pricing/plans/enterprise/features/1: 2567aeac1b193b0b940e821fa90063d1
    pricing/plans/enterprise/features/2: 146588c6ba10edfeb4946f1abdef7742
    pricing/plans/enterprise/features/3: d499c4094672366e96f5dc38e82765cd
    pricing/cta: 5c783951b0100a168bdd2161ff294833
    pricing/contact_sales: 96b007a10422b3b066647330a8d5adf9
    about/title: 8f89131a66d4659be07cd5af2c7ea898
    about/mission: bf81b7a1d23e9d8014e0d55984a6ba89
    about/story: 9f2954e52f013b9f1dbd444b8e90d95f
    about/team/title: 3effd2afec9a044956080e5be8065fdd
    about/team/members/ceo/name: e04ff15d1dbd70b46a8ab0ce36c39ccd
    about/team/members/ceo/role: fd6855a2c35b6dd25a45700d13c109c2
    about/team/members/ceo/bio: 1f2c6b0aa3469367bec699ebb056bbe5
    about/team/members/cto/name: febee8e9ab40b2fe5106d72675228d00
    about/team/members/cto/role: 8969cd6bb5a49670ce1e4388839c0862
    about/team/members/cto/bio: 30c4d245d972ce06dabd0cae2b233aad
    about/team/members/head_of_product/name: 2b2bff7382232cb0b641470f30f4fe18
    about/team/members/head_of_product/role: 05fba7c68234b0d185b845021a80d7ef
    about/team/members/head_of_product/bio: e4561a5d58a1909620efbd858df86ed4
    contact/title: 2a75337dc9603915c4ec1d1905afb7b9
    contact/subtitle: 92943bc0b5f470330f85467fe82bc627
    contact/form/name: 9368b5a047572b6051f334af5aa76819
    contact/form/email: e7f34943a0c2fb849db1839ff6ef5cb5
    contact/form/subject: de5b885eb327b2f233f3b67aab4c4c0a
    contact/form/message: f2f72126bd244cfc534eab395e054362
    contact/form/submit: 487177489aafc9c0243c57ef3850a2d9
    contact/success: d1929bed086d2177e153075050a259e7
    contact/error: 2db16f3221be8e8099ac3fee6d2cbf93
    auth/login/title: 88f0beb509622ce2f3a22128a9ec9ba5
    auth/login/email: e7f34943a0c2fb849db1839ff6ef5cb5
    auth/login/password: 223a61cf906ab9c40d22612c588dff48
    auth/login/forgot_password: 707454f0ef158b81060a11f2d9cbce57
    auth/login/submit: 9fb886eff8d1d67d8bb79f5c3f78edde
    auth/login/no_account: 613efdc05ae6d04b7136d199645c56ac
    auth/login/signup: a6a0b995463f62ce6a12e37f1d05a9bd
    auth/signup/title: bc53a57281d2701563f94f3169518028
    auth/signup/name: f45991923345e8322c9ff8cd6b7e2b16
    auth/signup/email: e7f34943a0c2fb849db1839ff6ef5cb5
    auth/signup/password: 223a61cf906ab9c40d22612c588dff48
    auth/signup/confirm_password: b5cdb861d8deb598b0613d48098b82b6
    auth/signup/terms: 22fb0035ec539f1d7bc199fa9d611971
    auth/signup/terms_link: 5add91f519e39025708e54a7eb7a9fc5
    auth/signup/privacy_link: 7459744a63ef8af4e517a09024bd7c08
    auth/signup/submit: a6a0b995463f62ce6a12e37f1d05a9bd
    auth/signup/has_account: 699043a787e26ec2ecad53f52df28d5b
    auth/signup/login: 9fb886eff8d1d67d8bb79f5c3f78edde
    auth/forgot_password/title: 93a0b939aac3e0d9e7df4ed63a7134ec
    auth/forgot_password/email: e7f34943a0c2fb849db1839ff6ef5cb5
    auth/forgot_password/submit: f71dc8b110edfd74e603d62945dc5d64
    auth/forgot_password/back_to_login: 6bcc9859839f32dc2b4295e1565919a4
    dashboard/welcome: 82fa4700873c36043a045d691d306ed6
    dashboard/projects/title: 8b59e61cda8b09f7be64778e309ed0e0
    dashboard/projects/create: e4855ea534ccbd5bfcd3c10237432f3d
    dashboard/projects/empty: 411e7ff8ea7a82c9492b1dc296303d10
    dashboard/projects/search: f61e73deb2e57b981691f336552856d4
    dashboard/stats/words_translated: eb213a0ff24b65dc52ca5b39be669c55
    dashboard/stats/languages: 2d2a54a7cbbf640ba2aff643a8a3c7c1
    dashboard/stats/files: aee803d2f576ac1200c73b691191a916
    dashboard/stats/last_updated: e1c731316d903fa762f5c302fa907756
    dashboard/recent_activity/title: d4b07b3b4faedbd20762ab8a665d979d
    dashboard/recent_activity/empty: c7b64228ee16c8ee0142d331af70b079
    errors/not_found/title: 97612e6230bc7a1ebd99380bf561b732
    errors/not_found/message: 65ad307ba26227fe44343f17e52138de
    errors/not_found/back_home: 377f3be7cfb6c1ffb55a75d90ce91f2f
    errors/server_error/title: d574aa7e2d84d112dc79ac0e59d794cf
    errors/server_error/message: 4bad29ff62b13c4ef76da30ed8c91e3f
    errors/server_error/contact_support: 32a4dee2033635e334a5f4d34724e3e0
    errors/unauthorized/title: 556fa31baa40c7b7cd008f594de36a63
    errors/unauthorized/message: 759ca522663d8f628718332f756dd6c4
    errors/unauthorized/login: 9fb886eff8d1d67d8bb79f5c3f78edde
    errors/forbidden/title: 589456a5c4103e29c44e9df16a4eaf82
    errors/forbidden/message: a602e7d4046ff33fb1e616839e4ebf3d
    errors/forbidden/contact_admin: e4e638ecfe4485903a184820ac516bd4
    common/loading: 82b4ea7ed1439094d7c4be13aaba9a66
    common/save: f7a2929f33bc420195e59ac5a8bcd454
    common/cancel: 2e2a849c2223911717de8caa2c71bade
    common/delete: 8bcf303dd10a645b5baacb02b47d72c9
    common/edit: eee7f39ff90b18852afc1671f21fbaa9
    common/view: 36a9b5e3dc153c036d320460d72a03c3
    common/search: 49dd6c21604b5e8d4153ff1aff2177e1
    common/filter: 626325a05e4c8800f7ede7012b0cadaf
    common/sort: 8b928fb3b68d93ccda40bed22261e796
    common/next: 89ddbcf710eba274963494f312bdc8a9
    common/previous: 25c58dd62f190368a3d2c4c97b385ea9
    common/submit: 7c91ef5f747eea9f77a9c4f23e19fb2e
    common/confirm: 90930b51154032f119fa75c1bd422d8b
    common/yes: ec580fd11a45779b039466f1e35eed2a
    common/no: 8c708225830b06df2d1141c536f2a0d6
    common/success: e7c9fe48ac87b4a2fbf184d02f06d798
    common/error: aa0e3e08c5dae936f353d1a9ef5e9fa9
    common/warning: f3cd3c6fc56e920f60d59bb4596cd4f7
    common/info: 0b59a25a921d0209230247cb3e13cdd0
    common/required: 04d7fb6f37ffe0a6ca97d49e2a8b6eb5
    common/optional: 396fb9a0472daf401c392bdc3e248943
    common/learn_more: e598091d132f890c37a6d4ed94f6d794
    common/show_more: 36b0433c56ba1e0f2deae76b8e04a557
    common/show_less: 377af19e130feb94abe6fc3d281b55fd
    footer/copyright: e0a8180e2cb2d7501cb829f6bd5f2629
    footer/terms: 5add91f519e39025708e54a7eb7a9fc5
    footer/privacy: 7459744a63ef8af4e517a09024bd7c08
    footer/cookies: 3729dde157adf062b3f07301ae3cd596
    footer/contact: 2a75337dc9603915c4ec1d1905afb7b9
    footer/social/follow_us: 778f7a4744f77dbcbd31a8c778cb5209
    footer/social/twitter: ba3d4aed69a50759b53a0b7c319a3ad9
    footer/social/facebook: ac8afe226a7424849c247e6a9d566f64
    footer/social/linkedin: f29b78f253094277c2e9ef79d10b5e4f
    footer/social/github: 6e1cf3c00fa6fbe24afcc78ea3b5f3e4
  250a4a9b39c8b90557bd4f761e5f3cbb:
    app.name: 972598469bf28a28203b84af0ea8e309
    common.cancel: 2e2a849c2223911717de8caa2c71bade
    common.done: ffd408fa29d5bc9039ef8ea1b9b699bb
    common.ok: e2d6579a83aba07c4180c21c5fe9893d
    common.save: f7a2929f33bc420195e59ac5a8bcd454
    error.generic: c62a7718d9a1e9c4ffb707807550f836
    error.network: bc18e50c89e65882c2487c6991780277
    home.greeting: e6469f5b6b8aab5becf89382746dc444
    home.todayTasks: 58eb058faadb7d9817541a7be51e46c9
    home.viewAll: bd391a54df1af704b0842fcaea2fa14d
    login.createAccount: 3c3c9666b2acc1404eaa89e34e17f946
    login.email: 0ee22bbbe989a0c61a18023407d12dc2
    login.forgotPassword: 87302ecbbfead42d1abecddd442ad77b
    login.password: 223a61cf906ab9c40d22612c588dff48
    login.signIn: ec7b8f314fe9bc6591006707484ede61
    onboarding.description: bcf7b485d35b9bb1de76e350bd650211
    onboarding.getStarted: 1d5f030c4ec9c869e647ae060518b948
    onboarding.welcome: 3557d4c3e3740fd97f0921c371fbd22d
    pluralized.items/one: 1be333e5f10c4a004ac3efac31b25886
    pluralized.items/other: ecb3f18dc6a5e7b3e1d9afe7ef62cf07
    settings.account: 01215c12fb1cdb93bd0c84c1382bef56
    settings.appearance: cdd8c41c5fb859234e8a603544fce631
    settings.darkMode: c81aa352f80642b6d57d1d52bcf5c2a2
    settings.logout: 0a29c741e0a1f63184ee7b85ce2da68c
    settings.notifications: c52df856139b50dbb1cae7bfb1cf73bb
    settings.title: 8df6777277469c1fd88cc18dde2f1cc3
    task.complete: 4e242ba7b6cae91dddb62db40bfa2539
    task.delete: e0aba7e92012cea3849235359c9dd2ab
    task.due: befea6e44df8349e641ec4f871188a3b
  cd761e96e923fc52320b39dc7a0089c8:
    "%25(counter)s%20member/singular": 9ad7b9f2910c1d9cf11d67f48d4d0471
    "%25(counter)s%20member/plural": acd07817bec74961e42882533ada9202
  50315facd0071939973b7e534c3743b6:
    items_count/NSStringLocalizedFormatKey: 616c996ac6538f31d31937a9187f26c0
    items_count/items/NSStringFormatSpecTypeKey: 8cc03ef30ad5b2d8e27f3612627d932e
    items_count/items/NSStringFormatValueTypeKey: 43427fccc66cbcc5b7e93b12f078b1d2
    items_count/items/zero: 955c31a42e9ff663a49e69e944c8c537
    items_count/items/one: 154c8eed472b867c8d5af66d162abd2c
    items_count/items/two: 8d5f050e1b4c80b1cb2dfd5960330dd6
    items_count/items/few: 74e296c76396ac5c4b6e8f3bf3a6d02d
    items_count/items/many: 74e296c76396ac5c4b6e8f3bf3a6d02d
    items_count/items/other: 74e296c76396ac5c4b6e8f3bf3a6d02d
    days_until_event/NSStringLocalizedFormatKey: 09e8eb287d7e597de0ff05a630b09396
    days_until_event/days/NSStringFormatSpecTypeKey: 8cc03ef30ad5b2d8e27f3612627d932e
    days_until_event/days/NSStringFormatValueTypeKey: 43427fccc66cbcc5b7e93b12f078b1d2
    days_until_event/days/zero: c36f40b15661634b9d11a6704489bb2c
    days_until_event/days/one: b42325bee976924c2ec6a2e318b1edfd
    days_until_event/days/two: 7f8cb60480d1a0e81b8e0ae0a1d93616
    days_until_event/days/few: 2e421cd13245d454ae47fb1ef5833c6e
    days_until_event/days/many: 2e421cd13245d454ae47fb1ef5833c6e
    days_until_event/days/other: 2e421cd13245d454ae47fb1ef5833c6e
    greeting: 5a06f8dbe2138bc2d66dd20061d3358a
    welcome_user: 5e708a6af9b86f8aa4d9bd9ea571adad
    complex_format: 9442e21617626db280d376872a8bae6f
    date_format: c4137fde368529804b9c43edb293f521
    multiline_html: a2f5d47387c8011c0dccc58ceaa1cb8c
  b05b783b3d24ee943d83ccd8e274814d:
    home/title%2Fmain: ab3b60217dae94fc3f76ea0c161fe122
    home/description%2Fdev: c9e612bc3fd041dd984ab3e7f2d77e24
    home/i-am-a-developer: d8feacce28faea3fd4228a1ebcb11473
  9c4e19808888b454eb5178a0ab79e392:
    greeting: 5a06f8dbe2138bc2d66dd20061d3358a
    welcome_user: 5e708a6af9b86f8aa4d9bd9ea571adad
    complex_format: 9442e21617626db280d376872a8bae6f
    date_format: c4137fde368529804b9c43edb293f521
    multiline_html: a2f5d47387c8011c0dccc58ceaa1cb8c
    items_count_zero: 955c31a42e9ff663a49e69e944c8c537
    items_count_one: 154c8eed472b867c8d5af66d162abd2c
    items_count_two: 8d5f050e1b4c80b1cb2dfd5960330dd6
    items_count_few: 74e296c76396ac5c4b6e8f3bf3a6d02d
    items_count_many: 74e296c76396ac5c4b6e8f3bf3a6d02d
    items_count_other: 74e296c76396ac5c4b6e8f3bf3a6d02d
    days_until_event_zero: c36f40b15661634b9d11a6704489bb2c
    days_until_event_one: b42325bee976924c2ec6a2e318b1edfd
    days_until_event_two: 7f8cb60480d1a0e81b8e0ae0a1d93616
    days_until_event_few: 2e421cd13245d454ae47fb1ef5833c6e
    days_until_event_many: 2e421cd13245d454ae47fb1ef5833c6e
    days_until_event_other: 2e421cd13245d454ae47fb1ef5833c6e
  81c53af057228d439caa562136986947:
    home/title%2Fmain: ab3b60217dae94fc3f76ea0c161fe122
    home/description%2Fdev: c9e612bc3fd041dd984ab3e7f2d77e24
    home/i-am-a-developer: d8feacce28faea3fd4228a1ebcb11473
  c3310a591ea9d93d5ea83856a1cde32d:
    greeting: 5a06f8dbe2138bc2d66dd20061d3358a
    welcome_user: 9894020e8bf63cda177c90913974de4a
    items_count/zero: 955c31a42e9ff663a49e69e944c8c537
    items_count/one: 154c8eed472b867c8d5af66d162abd2c
    items_count/two: 8d5f050e1b4c80b1cb2dfd5960330dd6
    items_count/few: e76998d93901ca2dbd145315f0026099
    items_count/many: e76998d93901ca2dbd145315f0026099
    items_count/other: e76998d93901ca2dbd145315f0026099
    days_until_event/zero: c36f40b15661634b9d11a6704489bb2c
    days_until_event/one: b42325bee976924c2ec6a2e318b1edfd
    days_until_event/two: 7f8cb60480d1a0e81b8e0ae0a1d93616
    days_until_event/few: 8860d8b849df0fc9c05a0105686c870a
    days_until_event/many: 8860d8b849df0fc9c05a0105686c870a
    days_until_event/other: 8860d8b849df0fc9c05a0105686c870a
    complex_format: 412e9a53af55fd61a80550c462dfcfcb
    date_format: 53fd72141572ffcdb3ebd8e5e6c4388d
  e6566b2d0ffb4792b287da43da041eca:
    greeting: 5a06f8dbe2138bc2d66dd20061d3358a
    welcome_user: 9894020e8bf63cda177c90913974de4a
    items_count/zero: 955c31a42e9ff663a49e69e944c8c537
    items_count/one: 154c8eed472b867c8d5af66d162abd2c
    items_count/two: 8d5f050e1b4c80b1cb2dfd5960330dd6
    items_count/few: e76998d93901ca2dbd145315f0026099
    items_count/many: e76998d93901ca2dbd145315f0026099
    items_count/other: e76998d93901ca2dbd145315f0026099
    days_until_event/zero: c36f40b15661634b9d11a6704489bb2c
    days_until_event/one: b42325bee976924c2ec6a2e318b1edfd
    days_until_event/two: 7f8cb60480d1a0e81b8e0ae0a1d93616
    days_until_event/few: 8860d8b849df0fc9c05a0105686c870a
    days_until_event/many: 8860d8b849df0fc9c05a0105686c870a
    days_until_event/other: 8860d8b849df0fc9c05a0105686c870a
    complex_format: 412e9a53af55fd61a80550c462dfcfcb
    date_format: 53fd72141572ffcdb3ebd8e5e6c4388d
  decd5fd51d99ea132f05fdfdb5d7eada:
    sourceLanguage: a422f993d9220fc3488259e5e0426e80
    resources/core/hello/source: f01e599cced8b7d7105329947b5096de
    resources/core/bye/source: 87fa86f9031290a9c591f91cff393930
    resources/core/expr/source: b96f42288414c31f9016040e21f7ff7f
    resources/core/dupA/source: 59a5c5f4cf42c5d5e87fdbd711c2aab7
    resources/core/dupB/source: f4d018cabf6eeab3f1c879c1d8eed6de
    resources/core/settings/groupUnits/cta/groupUnits/ctaTitle/source: 5a9263f67cc7632eb0e3938304b03cb8
    resources/core/settings/groupUnits/cta/groupUnits/ctaBody/source: ea0bce46ca0a7d95ea6be8ba24e10131
    resources/core/skeleton/source: 787b64864ffaef3e1c4b5657b3ce71b4
    resources/marketing/heroTitle/source: 7b843029e2f0de6821d39fd42595d9e8
    resources/marketing/heroSubtitle/source: aa6d22f1442eea0e9724d2f560329778
  2be4c282da9773e3b7b07aaee059e5a1:
    key1: 0468579ef2fbc83c9d520c2f2f1c5059
    key2: b48a4cb78277d72905362f8d2dfa1e88
    key3: 54a9e730e88fb16291b852274d433923
    key4: 10627fcc465897af0f5e1bba042685f9
    key5: b328c432cee108a87a92f05258b6a651
    key6/key7: 9da96ad1d5c544070ac5e268de77fb48
    locked_key_1: 73fc105de1aefc3f0a97d187a80cf0a4
