version: 1
checksums:
  21b99a2aea148b309f95ec2c966d326c:
    text_0: e4d2da607604b3fda41eef5e0dd35faa
    text_1: 69eb28c44f7168b1df0455ad2a62588c
    text_2: bff335b01588a8db802bd193c725ec11
    text_3: 0744639a7ac440afe0d792ea79c54512
    text_4: b4cc462fb3a00d2f60deefe548c10a33
    text_5: d0fd310aef9cf3c5827f1db4b0c098a1
    text_6: 85bb1f6fb66b5ab65a9c61469183236e
    text_7: bdbc827b3d224e03394dfd56304500f2
    text_8: 5e8497af456decf6cf716c0a23f1dbc2
    text_9: d572e25ed81420669e65c03925da1001
    text_10: 2cf6537fb69cdd2eb030e55bf4223b93
    text_11: ec7b8f314fe9bc6591006707484ede61
    text_12: c2460fb2a7887fdf2d68db2b553a4338
    text_13: 3abe623951250bd24a9d7799415761ab
    text_14: 988be328b82702586f2cd541858710fe
    text_15: b2328773b0ef0699fd5791055c5cf9e2
    text_16: 92acabd12cd9b63c825294c54fcbc806
