version: 1
checksums:
  0d5b5aa6d2b9937d47fd63868ef9e9f6:
    meta/title: a4bdd0dee24f8318f3300dcae130a353
    meta/description: 609213841f122e494f62262618ee4761
    meta/author: f3f7164b5963b4da6cd31a2ec0251630
    content/0: 8a8520492d23503da5691602e60bd22a
    content/1: 1fc859854cda505b2a94a04c8b09ab43
    content/2: 8add667f2a1d5d791a64b50bde54fa59
    content/3: e6e34c4c92eda512ec209266abe8e074
    content/4: 07f1896ad050b9606d7674f70d847818
    content/5: bd4d40a4f0cc92ac8a880c8d9ce8b43d
    content/6: 3036a07a887121ea080427d84fc80912
    content/7: f555318416c5c5388c1d961ef02f5955
    content/8: 90e02688ab103de60e42c70ece7efc4d
    content/9: 8c5be3cd002a3a194c991821e0182e08
    content/10: 3495801a7461ac5ea8d78369873a5409
    content/11: d444739ce3d48afb7976067c67149a9e
    content/12: 5f02c0a3b6385f80bdd08cf7e2d8c04d
    content/13: 0a15fd446b87d907f58c303aece0882b
    content/14: 778ed0aa1f81768280a23afe559c55f7
    content/15: fa244af2d8e558d6c3644ff8c1a64562
    content/16: 14f593e7cf3b3df84a21e17db318912e
    content/17: 5f42d26a42aa29be063019eea27ad07c
    content/18: 48bb7e89e72d68d6de12f5cdac64fc18
    content/19: 1639b9ef57bf363e04293e27d1c13952
    content/20: bb1c8d22064f7af4879c69d444e6e769
    content/21: 52f9d6beaa85591f77811e1162d756c4
