version: 1
checksums:
  d3330df55a54ce785f378e7388282a96:
    welcome_message: 57da71b2c89eaddcbca81b3c3766deed
    item_count/zero: 955c31a42e9ff663a49e69e944c8c537
    item_count/one: 154c8eed472b867c8d5af66d162abd2c
    item_count/other: ecb3f18dc6a5e7b3e1d9afe7ef62cf07
  614e9d20c639fed18ee30b9f9637c83d:
    item_count/one: d25ee41f72a2ea94ebc6debc85b9e573
    item_count/other: ecb3f18dc6a5e7b3e1d9afe7ef62cf07
    item_count/zero: 955c31a42e9ff663a49e69e944c8c537
    welcome_message: 0468579ef2fbc83c9d520c2f2f1c5059
